// !$*UTF8*$!
{
	archiveVersion = 1;
	classes = {
	};
	objectVersion = 77;
	objects = {

/* Begin PBXBuildFile section */
		A8818FC22F0D640C0068B9E9 /* MapboxSearchService.swift in Sources */ = {isa = PBXBuildFile; fileRef = A8818FC12F0D640C0068B9E9 /* MapboxSearchService.swift */; };
		A8818FC42F0D64120068B9E9 /* PlaceSearchView.swift in Sources */ = {isa = PBXBuildFile; fileRef = A8818FC32F0D64120068B9E9 /* PlaceSearchView.swift */; };
		A8818FC62F0D641F0068B9E9 /* CreateEditRouteView.swift in Sources */ = {isa = PBXBuildFile; fileRef = A8818FC52F0D641F0068B9E9 /* CreateEditRouteView.swift */; };
		A8818FC82F0D641F0068B9E9 /* CreateEditRouteView 2.swift in Sources */ = {isa = PBXBuildFile; fileRef = A8818FC72F0D641F0068B9E9 /* CreateEditRouteView 2.swift */; };
		A8818FCA2F0D65430068B9E9 /* RouteEditorService.swift in Sources */ = {isa = PBXBuildFile; fileRef = A8818FC92F0D65430068B9E9 /* RouteEditorService.swift */; };
		A8ACB9B72F0EE1B800170910 /* FirebaseAuth in Frameworks */ = {isa = PBXBuildFile; productRef = A8ACB9B62F0EE1B800170910 /* FirebaseAuth */; };
		A8ACB9B92F0EE1B800170910 /* FirebaseFirestore in Frameworks */ = {isa = PBXBuildFile; productRef = A8ACB9B82F0EE1B800170910 /* FirebaseFirestore */; };
		A8ACB9BB2F0EE1B800170910 /* FirebaseStorage in Frameworks */ = {isa = PBXBuildFile; productRef = A8ACB9BA2F0EE1B800170910 /* FirebaseStorage */; };
		A8ACB9BE2F0EE20800170910 /* SDWebImageSwiftUI in Frameworks */ = {isa = PBXBuildFile; productRef = A8ACB9BD2F0EE20800170910 /* SDWebImageSwiftUI */; };
		A8ACBA2E2F0EED0900170910 /* MapboxDirections in Frameworks */ = {isa = PBXBuildFile; productRef = A8ACBA2D2F0EED0900170910 /* MapboxDirections */; };
		A8ACBA302F0EED0900170910 /* MapboxNavigationCore in Frameworks */ = {isa = PBXBuildFile; productRef = A8ACBA2F2F0EED0900170910 /* MapboxNavigationCore */; };
		A8ACBA322F0EED0900170910 /* MapboxNavigationUIKit in Frameworks */ = {isa = PBXBuildFile; productRef = A8ACBA312F0EED0900170910 /* MapboxNavigationUIKit */; };
/* End PBXBuildFile section */

/* Begin PBXContainerItemProxy section */
		A87F86B22DCB4DE900462F82 /* PBXContainerItemProxy */ = {
			isa = PBXContainerItemProxy;
			containerPortal = A87F86992DCB4DE700462F82 /* Project object */;
			proxyType = 1;
			remoteGlobalIDString = A87F86A02DCB4DE700462F82;
			remoteInfo = Tropka;
		};
		A87F86BC2DCB4DE900462F82 /* PBXContainerItemProxy */ = {
			isa = PBXContainerItemProxy;
			containerPortal = A87F86992DCB4DE700462F82 /* Project object */;
			proxyType = 1;
			remoteGlobalIDString = A87F86A02DCB4DE700462F82;
			remoteInfo = Tropka;
		};
/* End PBXContainerItemProxy section */

/* Begin PBXFileReference section */
		A87F86A12DCB4DE700462F82 /* Tropka.app */ = {isa = PBXFileReference; explicitFileType = wrapper.application; includeInIndex = 0; path = Tropka.app; sourceTree = BUILT_PRODUCTS_DIR; };
		A87F86B12DCB4DE900462F82 /* TropkaTests.xctest */ = {isa = PBXFileReference; explicitFileType = wrapper.cfbundle; includeInIndex = 0; path = TropkaTests.xctest; sourceTree = BUILT_PRODUCTS_DIR; };
		A87F86BB2DCB4DE900462F82 /* TropkaUITests.xctest */ = {isa = PBXFileReference; explicitFileType = wrapper.cfbundle; includeInIndex = 0; path = TropkaUITests.xctest; sourceTree = BUILT_PRODUCTS_DIR; };
		A8818FC12F0D640C0068B9E9 /* MapboxSearchService.swift */ = {isa = PBXFileReference; lastKnownFileType = sourcecode.swift; path = MapboxSearchService.swift; sourceTree = "<group>"; };
		A8818FC32F0D64120068B9E9 /* PlaceSearchView.swift */ = {isa = PBXFileReference; lastKnownFileType = sourcecode.swift; path = PlaceSearchView.swift; sourceTree = "<group>"; };
		A8818FC52F0D641F0068B9E9 /* CreateEditRouteView.swift */ = {isa = PBXFileReference; lastKnownFileType = sourcecode.swift; path = CreateEditRouteView.swift; sourceTree = "<group>"; };
		A8818FC72F0D641F0068B9E9 /* CreateEditRouteView 2.swift */ = {isa = PBXFileReference; lastKnownFileType = sourcecode.swift; path = "CreateEditRouteView 2.swift"; sourceTree = "<group>"; };
		A8818FC92F0D65430068B9E9 /* RouteEditorService.swift */ = {isa = PBXFileReference; lastKnownFileType = sourcecode.swift; path = RouteEditorService.swift; sourceTree = "<group>"; };
/* End PBXFileReference section */

/* Begin PBXFileSystemSynchronizedBuildFileExceptionSet section */
		A80B0D792DCFB24B00A308A0 /* Exceptions for "Tropka" folder in "Tropka" target */ = {
			isa = PBXFileSystemSynchronizedBuildFileExceptionSet;
			membershipExceptions = (
				Info.plist,
			);
			target = A87F86A02DCB4DE700462F82 /* Tropka */;
		};
/* End PBXFileSystemSynchronizedBuildFileExceptionSet section */

/* Begin PBXFileSystemSynchronizedRootGroup section */
		A87F86A32DCB4DE700462F82 /* Tropka */ = {
			isa = PBXFileSystemSynchronizedRootGroup;
			exceptions = (
				A80B0D792DCFB24B00A308A0 /* Exceptions for "Tropka" folder in "Tropka" target */,
			);
			path = Tropka;
			sourceTree = "<group>";
		};
		A87F86B42DCB4DE900462F82 /* TropkaTests */ = {
			isa = PBXFileSystemSynchronizedRootGroup;
			path = TropkaTests;
			sourceTree = "<group>";
		};
		A87F86BE2DCB4DE900462F82 /* TropkaUITests */ = {
			isa = PBXFileSystemSynchronizedRootGroup;
			path = TropkaUITests;
			sourceTree = "<group>";
		};
/* End PBXFileSystemSynchronizedRootGroup section */

/* Begin PBXFrameworksBuildPhase section */
		A87F869E2DCB4DE700462F82 /* Frameworks */ = {
			isa = PBXFrameworksBuildPhase;
			buildActionMask = 2147483647;
			files = (
				A8ACBA302F0EED0900170910 /* MapboxNavigationCore in Frameworks */,
				A8ACBA2E2F0EED0900170910 /* MapboxDirections in Frameworks */,
				A8ACB9BE2F0EE20800170910 /* SDWebImageSwiftUI in Frameworks */,
				A8ACB9B72F0EE1B800170910 /* FirebaseAuth in Frameworks */,
				A8ACB9B92F0EE1B800170910 /* FirebaseFirestore in Frameworks */,
				A8ACBA322F0EED0900170910 /* MapboxNavigationUIKit in Frameworks */,
				A8ACB9BB2F0EE1B800170910 /* FirebaseStorage in Frameworks */,
			);
			runOnlyForDeploymentPostprocessing = 0;
		};
		A87F86AE2DCB4DE900462F82 /* Frameworks */ = {
			isa = PBXFrameworksBuildPhase;
			buildActionMask = 2147483647;
			files = (
			);
			runOnlyForDeploymentPostprocessing = 0;
		};
		A87F86B82DCB4DE900462F82 /* Frameworks */ = {
			isa = PBXFrameworksBuildPhase;
			buildActionMask = 2147483647;
			files = (
			);
			runOnlyForDeploymentPostprocessing = 0;
		};
/* End PBXFrameworksBuildPhase section */

/* Begin PBXGroup section */
		A87F86982DCB4DE700462F82 = {
			isa = PBXGroup;
			children = (
				A87F86A32DCB4DE700462F82 /* Tropka */,
				A87F86B42DCB4DE900462F82 /* TropkaTests */,
				A87F86BE2DCB4DE900462F82 /* TropkaUITests */,
				A87F86A22DCB4DE700462F82 /* Products */,
				A8818FC12F0D640C0068B9E9 /* MapboxSearchService.swift */,
				A8818FC32F0D64120068B9E9 /* PlaceSearchView.swift */,
				A8818FC52F0D641F0068B9E9 /* CreateEditRouteView.swift */,
				A8818FC72F0D641F0068B9E9 /* CreateEditRouteView 2.swift */,
				A8818FC92F0D65430068B9E9 /* RouteEditorService.swift */,
				A88190382F0DC0930068B9E9 /* Frameworks */,
			);
			sourceTree = "<group>";
		};
		A87F86A22DCB4DE700462F82 /* Products */ = {
			isa = PBXGroup;
			children = (
				A87F86A12DCB4DE700462F82 /* Tropka.app */,
				A87F86B12DCB4DE900462F82 /* TropkaTests.xctest */,
				A87F86BB2DCB4DE900462F82 /* TropkaUITests.xctest */,
			);
			name = Products;
			sourceTree = "<group>";
		};
		A88190382F0DC0930068B9E9 /* Frameworks */ = {
			isa = PBXGroup;
			children = (
			);
			name = Frameworks;
			sourceTree = "<group>";
		};
/* End PBXGroup section */

/* Begin PBXNativeTarget section */
		A87F86A02DCB4DE700462F82 /* Tropka */ = {
			isa = PBXNativeTarget;
			buildConfigurationList = A87F86C52DCB4DE900462F82 /* Build configuration list for PBXNativeTarget "Tropka" */;
			buildPhases = (
				A87F869D2DCB4DE700462F82 /* Sources */,
				A87F869E2DCB4DE700462F82 /* Frameworks */,
				A87F869F2DCB4DE700462F82 /* Resources */,
			);
			buildRules = (
			);
			dependencies = (
			);
			fileSystemSynchronizedGroups = (
				A87F86A32DCB4DE700462F82 /* Tropka */,
			);
			name = Tropka;
			packageProductDependencies = (
				A8ACB9B62F0EE1B800170910 /* FirebaseAuth */,
				A8ACB9B82F0EE1B800170910 /* FirebaseFirestore */,
				A8ACB9BA2F0EE1B800170910 /* FirebaseStorage */,
				A8ACB9BD2F0EE20800170910 /* SDWebImageSwiftUI */,
				A8ACBA2D2F0EED0900170910 /* MapboxDirections */,
				A8ACBA2F2F0EED0900170910 /* MapboxNavigationCore */,
				A8ACBA312F0EED0900170910 /* MapboxNavigationUIKit */,
			);
			productName = Tropka;
			productReference = A87F86A12DCB4DE700462F82 /* Tropka.app */;
			productType = "com.apple.product-type.application";
		};
		A87F86B02DCB4DE900462F82 /* TropkaTests */ = {
			isa = PBXNativeTarget;
			buildConfigurationList = A87F86C82DCB4DE900462F82 /* Build configuration list for PBXNativeTarget "TropkaTests" */;
			buildPhases = (
				A87F86AD2DCB4DE900462F82 /* Sources */,
				A87F86AE2DCB4DE900462F82 /* Frameworks */,
				A87F86AF2DCB4DE900462F82 /* Resources */,
			);
			buildRules = (
			);
			dependencies = (
				A87F86B32DCB4DE900462F82 /* PBXTargetDependency */,
			);
			fileSystemSynchronizedGroups = (
				A87F86B42DCB4DE900462F82 /* TropkaTests */,
			);
			name = TropkaTests;
			packageProductDependencies = (
			);
			productName = TropkaTests;
			productReference = A87F86B12DCB4DE900462F82 /* TropkaTests.xctest */;
			productType = "com.apple.product-type.bundle.unit-test";
		};
		A87F86BA2DCB4DE900462F82 /* TropkaUITests */ = {
			isa = PBXNativeTarget;
			buildConfigurationList = A87F86CB2DCB4DE900462F82 /* Build configuration list for PBXNativeTarget "TropkaUITests" */;
			buildPhases = (
				A87F86B72DCB4DE900462F82 /* Sources */,
				A87F86B82DCB4DE900462F82 /* Frameworks */,
				A87F86B92DCB4DE900462F82 /* Resources */,
			);
			buildRules = (
			);
			dependencies = (
				A87F86BD2DCB4DE900462F82 /* PBXTargetDependency */,
			);
			fileSystemSynchronizedGroups = (
				A87F86BE2DCB4DE900462F82 /* TropkaUITests */,
			);
			name = TropkaUITests;
			packageProductDependencies = (
			);
			productName = TropkaUITests;
			productReference = A87F86BB2DCB4DE900462F82 /* TropkaUITests.xctest */;
			productType = "com.apple.product-type.bundle.ui-testing";
		};
/* End PBXNativeTarget section */

/* Begin PBXProject section */
		A87F86992DCB4DE700462F82 /* Project object */ = {
			isa = PBXProject;
			attributes = {
				BuildIndependentTargetsInParallel = 1;
				LastSwiftUpdateCheck = 1620;
				LastUpgradeCheck = 1620;
				TargetAttributes = {
					A87F86A02DCB4DE700462F82 = {
						CreatedOnToolsVersion = 16.2;
					};
					A87F86B02DCB4DE900462F82 = {
						CreatedOnToolsVersion = 16.2;
						TestTargetID = A87F86A02DCB4DE700462F82;
					};
					A87F86BA2DCB4DE900462F82 = {
						CreatedOnToolsVersion = 16.2;
						TestTargetID = A87F86A02DCB4DE700462F82;
					};
				};
			};
			buildConfigurationList = A87F869C2DCB4DE700462F82 /* Build configuration list for PBXProject "Tropka" */;
			developmentRegion = en;
			hasScannedForEncodings = 0;
			knownRegions = (
				en,
				Base,
			);
			mainGroup = A87F86982DCB4DE700462F82;
			minimizedProjectReferenceProxies = 1;
			packageReferences = (
				A8ACB9B52F0EE1B800170910 /* XCRemoteSwiftPackageReference "firebase-ios-sdk" */,
				A8ACB9BC2F0EE20800170910 /* XCRemoteSwiftPackageReference "SDWebImageSwiftUI" */,
				A8ACBA2C2F0EED0900170910 /* XCRemoteSwiftPackageReference "mapbox-navigation-ios" */,
			);
			preferredProjectObjectVersion = 77;
			productRefGroup = A87F86A22DCB4DE700462F82 /* Products */;
			projectDirPath = "";
			projectRoot = "";
			targets = (
				A87F86A02DCB4DE700462F82 /* Tropka */,
				A87F86B02DCB4DE900462F82 /* TropkaTests */,
				A87F86BA2DCB4DE900462F82 /* TropkaUITests */,
			);
		};
/* End PBXProject section */

/* Begin PBXResourcesBuildPhase section */
		A87F869F2DCB4DE700462F82 /* Resources */ = {
			isa = PBXResourcesBuildPhase;
			buildActionMask = 2147483647;
			files = (
			);
			runOnlyForDeploymentPostprocessing = 0;
		};
		A87F86AF2DCB4DE900462F82 /* Resources */ = {
			isa = PBXResourcesBuildPhase;
			buildActionMask = 2147483647;
			files = (
			);
			runOnlyForDeploymentPostprocessing = 0;
		};
		A87F86B92DCB4DE900462F82 /* Resources */ = {
			isa = PBXResourcesBuildPhase;
			buildActionMask = 2147483647;
			files = (
			);
			runOnlyForDeploymentPostprocessing = 0;
		};
/* End PBXResourcesBuildPhase section */

/* Begin PBXSourcesBuildPhase section */
		A87F869D2DCB4DE700462F82 /* Sources */ = {
			isa = PBXSourcesBuildPhase;
			buildActionMask = 2147483647;
			files = (
				A8818FC62F0D641F0068B9E9 /* CreateEditRouteView.swift in Sources */,
				A8818FC42F0D64120068B9E9 /* PlaceSearchView.swift in Sources */,
				A8818FC82F0D641F0068B9E9 /* CreateEditRouteView 2.swift in Sources */,
				A8818FCA2F0D65430068B9E9 /* RouteEditorService.swift in Sources */,
				A8818FC22F0D640C0068B9E9 /* MapboxSearchService.swift in Sources */,
			);
			runOnlyForDeploymentPostprocessing = 0;
		};
		A87F86AD2DCB4DE900462F82 /* Sources */ = {
			isa = PBXSourcesBuildPhase;
			buildActionMask = 2147483647;
			files = (
			);
			runOnlyForDeploymentPostprocessing = 0;
		};
		A87F86B72DCB4DE900462F82 /* Sources */ = {
			isa = PBXSourcesBuildPhase;
			buildActionMask = 2147483647;
			files = (
			);
			runOnlyForDeploymentPostprocessing = 0;
		};
/* End PBXSourcesBuildPhase section */

/* Begin PBXTargetDependency section */
		A87F86B32DCB4DE900462F82 /* PBXTargetDependency */ = {
			isa = PBXTargetDependency;
			target = A87F86A02DCB4DE700462F82 /* Tropka */;
			targetProxy = A87F86B22DCB4DE900462F82 /* PBXContainerItemProxy */;
		};
		A87F86BD2DCB4DE900462F82 /* PBXTargetDependency */ = {
			isa = PBXTargetDependency;
			target = A87F86A02DCB4DE700462F82 /* Tropka */;
			targetProxy = A87F86BC2DCB4DE900462F82 /* PBXContainerItemProxy */;
		};
/* End PBXTargetDependency section */

/* Begin XCBuildConfiguration section */
		A87F86C32DCB4DE900462F82 /* Debug */ = {
			isa = XCBuildConfiguration;
			buildSettings = {
				ALWAYS_SEARCH_USER_PATHS = NO;
				ASSETCATALOG_COMPILER_GENERATE_SWIFT_ASSET_SYMBOL_EXTENSIONS = YES;
				CLANG_ANALYZER_NONNULL = YES;
				CLANG_ANALYZER_NUMBER_OBJECT_CONVERSION = YES_AGGRESSIVE;
				CLANG_CXX_LANGUAGE_STANDARD = "gnu++20";
				CLANG_ENABLE_MODULES = YES;
				CLANG_ENABLE_OBJC_ARC = YES;
				CLANG_ENABLE_OBJC_WEAK = YES;
				CLANG_WARN_BLOCK_CAPTURE_AUTORELEASING = YES;
				CLANG_WARN_BOOL_CONVERSION = YES;
				CLANG_WARN_COMMA = YES;
				CLANG_WARN_CONSTANT_CONVERSION = YES;
				CLANG_WARN_DEPRECATED_OBJC_IMPLEMENTATIONS = YES;
				CLANG_WARN_DIRECT_OBJC_ISA_USAGE = YES_ERROR;
				CLANG_WARN_DOCUMENTATION_COMMENTS = YES;
				CLANG_WARN_EMPTY_BODY = YES;
				CLANG_WARN_ENUM_CONVERSION = YES;
				CLANG_WARN_INFINITE_RECURSION = YES;
				CLANG_WARN_INT_CONVERSION = YES;
				CLANG_WARN_NON_LITERAL_NULL_CONVERSION = YES;
				CLANG_WARN_OBJC_IMPLICIT_RETAIN_SELF = YES;
				CLANG_WARN_OBJC_LITERAL_CONVERSION = YES;
				CLANG_WARN_OBJC_ROOT_CLASS = YES_ERROR;
				CLANG_WARN_QUOTED_INCLUDE_IN_FRAMEWORK_HEADER = YES;
				CLANG_WARN_RANGE_LOOP_ANALYSIS = YES;
				CLANG_WARN_STRICT_PROTOTYPES = YES;
				CLANG_WARN_SUSPICIOUS_MOVE = YES;
				CLANG_WARN_UNGUARDED_AVAILABILITY = YES_AGGRESSIVE;
				CLANG_WARN_UNREACHABLE_CODE = YES;
				CLANG_WARN__DUPLICATE_METHOD_MATCH = YES;
				COPY_PHASE_STRIP = NO;
				DEBUG_INFORMATION_FORMAT = dwarf;
				ENABLE_STRICT_OBJC_MSGSEND = YES;
				ENABLE_TESTABILITY = YES;
				ENABLE_USER_SCRIPT_SANDBOXING = YES;
				GCC_C_LANGUAGE_STANDARD = gnu17;
				GCC_DYNAMIC_NO_PIC = NO;
				GCC_NO_COMMON_BLOCKS = YES;
				GCC_OPTIMIZATION_LEVEL = 0;
				GCC_PREPROCESSOR_DEFINITIONS = (
					"DEBUG=1",
					"$(inherited)",
				);
				GCC_WARN_64_TO_32_BIT_CONVERSION = YES;
				GCC_WARN_ABOUT_RETURN_TYPE = YES_ERROR;
				GCC_WARN_UNDECLARED_SELECTOR = YES;
				GCC_WARN_UNINITIALIZED_AUTOS = YES_AGGRESSIVE;
				GCC_WARN_UNUSED_FUNCTION = YES;
				GCC_WARN_UNUSED_VARIABLE = YES;
				INFOPLIST_KEY_NSMainNibFile = "";
				IPHONEOS_DEPLOYMENT_TARGET = 18.2;
				LOCALIZATION_PREFERS_STRING_CATALOGS = YES;
				MTL_ENABLE_DEBUG_INFO = INCLUDE_SOURCE;
				MTL_FAST_MATH = YES;
				ONLY_ACTIVE_ARCH = YES;
				SDKROOT = iphoneos;
				SWIFT_ACTIVE_COMPILATION_CONDITIONS = "DEBUG $(inherited)";
				SWIFT_OPTIMIZATION_LEVEL = "-Onone";
			};
			name = Debug;
		};
		A87F86C42DCB4DE900462F82 /* Release */ = {
			isa = XCBuildConfiguration;
			buildSettings = {
				ALWAYS_SEARCH_USER_PATHS = NO;
				ASSETCATALOG_COMPILER_GENERATE_SWIFT_ASSET_SYMBOL_EXTENSIONS = YES;
				CLANG_ANALYZER_NONNULL = YES;
				CLANG_ANALYZER_NUMBER_OBJECT_CONVERSION = YES_AGGRESSIVE;
				CLANG_CXX_LANGUAGE_STANDARD = "gnu++20";
				CLANG_ENABLE_MODULES = YES;
				CLANG_ENABLE_OBJC_ARC = YES;
				CLANG_ENABLE_OBJC_WEAK = YES;
				CLANG_WARN_BLOCK_CAPTURE_AUTORELEASING = YES;
				CLANG_WARN_BOOL_CONVERSION = YES;
				CLANG_WARN_COMMA = YES;
				CLANG_WARN_CONSTANT_CONVERSION = YES;
				CLANG_WARN_DEPRECATED_OBJC_IMPLEMENTATIONS = YES;
				CLANG_WARN_DIRECT_OBJC_ISA_USAGE = YES_ERROR;
				CLANG_WARN_DOCUMENTATION_COMMENTS = YES;
				CLANG_WARN_EMPTY_BODY = YES;
				CLANG_WARN_ENUM_CONVERSION = YES;
				CLANG_WARN_INFINITE_RECURSION = YES;
				CLANG_WARN_INT_CONVERSION = YES;
				CLANG_WARN_NON_LITERAL_NULL_CONVERSION = YES;
				CLANG_WARN_OBJC_IMPLICIT_RETAIN_SELF = YES;
				CLANG_WARN_OBJC_LITERAL_CONVERSION = YES;
				CLANG_WARN_OBJC_ROOT_CLASS = YES_ERROR;
				CLANG_WARN_QUOTED_INCLUDE_IN_FRAMEWORK_HEADER = YES;
				CLANG_WARN_RANGE_LOOP_ANALYSIS = YES;
				CLANG_WARN_STRICT_PROTOTYPES = YES;
				CLANG_WARN_SUSPICIOUS_MOVE = YES;
				CLANG_WARN_UNGUARDED_AVAILABILITY = YES_AGGRESSIVE;
				CLANG_WARN_UNREACHABLE_CODE = YES;
				CLANG_WARN__DUPLICATE_METHOD_MATCH = YES;
				COPY_PHASE_STRIP = NO;
				DEBUG_INFORMATION_FORMAT = "dwarf-with-dsym";
				ENABLE_NS_ASSERTIONS = NO;
				ENABLE_STRICT_OBJC_MSGSEND = YES;
				ENABLE_USER_SCRIPT_SANDBOXING = YES;
				GCC_C_LANGUAGE_STANDARD = gnu17;
				GCC_NO_COMMON_BLOCKS = YES;
				GCC_WARN_64_TO_32_BIT_CONVERSION = YES;
				GCC_WARN_ABOUT_RETURN_TYPE = YES_ERROR;
				GCC_WARN_UNDECLARED_SELECTOR = YES;
				GCC_WARN_UNINITIALIZED_AUTOS = YES_AGGRESSIVE;
				GCC_WARN_UNUSED_FUNCTION = YES;
				GCC_WARN_UNUSED_VARIABLE = YES;
				INFOPLIST_KEY_NSMainNibFile = "";
				IPHONEOS_DEPLOYMENT_TARGET = 18.2;
				LOCALIZATION_PREFERS_STRING_CATALOGS = YES;
				MTL_ENABLE_DEBUG_INFO = NO;
				MTL_FAST_MATH = YES;
				SDKROOT = iphoneos;
				SWIFT_COMPILATION_MODE = wholemodule;
				VALIDATE_PRODUCT = YES;
			};
			name = Release;
		};
		A87F86C62DCB4DE900462F82 /* Debug */ = {
			isa = XCBuildConfiguration;
			buildSettings = {
				ASSETCATALOG_COMPILER_APPICON_NAME = AppIcon;
				ASSETCATALOG_COMPILER_GLOBAL_ACCENT_COLOR_NAME = AccentColor;
				CODE_SIGN_STYLE = Automatic;
				CURRENT_PROJECT_VERSION = 1;
				DEVELOPMENT_ASSET_PATHS = "\"Tropka/Preview Content\"";
				ENABLE_PREVIEWS = YES;
				GENERATE_INFOPLIST_FILE = YES;
				INFOPLIST_FILE = Tropka/Info.plist;
				INFOPLIST_KEY_LSApplicationCategoryType = "public.app-category.travel";
				INFOPLIST_KEY_NSLocationWhenInUseUsageDescription = "App needs your location to show nearby tours";
				INFOPLIST_KEY_NSMainNibFile = "";
				INFOPLIST_KEY_UIApplicationSceneManifest_Generation = YES;
				INFOPLIST_KEY_UIApplicationSupportsIndirectInputEvents = YES;
				INFOPLIST_KEY_UILaunchScreen_Generation = YES;
				INFOPLIST_KEY_UISupportedInterfaceOrientations_iPad = "UIInterfaceOrientationPortrait UIInterfaceOrientationPortraitUpsideDown UIInterfaceOrientationLandscapeLeft UIInterfaceOrientationLandscapeRight";
				INFOPLIST_KEY_UISupportedInterfaceOrientations_iPhone = "UIInterfaceOrientationPortrait UIInterfaceOrientationLandscapeLeft UIInterfaceOrientationLandscapeRight";
				LD_RUNPATH_SEARCH_PATHS = (
					"$(inherited)",
					"@executable_path/Frameworks",
				);
				MARKETING_VERSION = 1.0;
				PRODUCT_BUNDLE_IDENTIFIER = com.org.Tropka;
				PRODUCT_NAME = "$(TARGET_NAME)";
				SWIFT_EMIT_LOC_STRINGS = YES;
				SWIFT_VERSION = 5.0;
				TARGETED_DEVICE_FAMILY = "1,2";
			};
			name = Debug;
		};
		A87F86C72DCB4DE900462F82 /* Release */ = {
			isa = XCBuildConfiguration;
			buildSettings = {
				ASSETCATALOG_COMPILER_APPICON_NAME = AppIcon;
				ASSETCATALOG_COMPILER_GLOBAL_ACCENT_COLOR_NAME = AccentColor;
				CODE_SIGN_STYLE = Automatic;
				CURRENT_PROJECT_VERSION = 1;
				DEVELOPMENT_ASSET_PATHS = "\"Tropka/Preview Content\"";
				ENABLE_PREVIEWS = YES;
				GENERATE_INFOPLIST_FILE = YES;
				INFOPLIST_FILE = Tropka/Info.plist;
				INFOPLIST_KEY_LSApplicationCategoryType = "public.app-category.travel";
				INFOPLIST_KEY_NSLocationWhenInUseUsageDescription = "App needs your location to show nearby tours";
				INFOPLIST_KEY_NSMainNibFile = "";
				INFOPLIST_KEY_UIApplicationSceneManifest_Generation = YES;
				INFOPLIST_KEY_UIApplicationSupportsIndirectInputEvents = YES;
				INFOPLIST_KEY_UILaunchScreen_Generation = YES;
				INFOPLIST_KEY_UISupportedInterfaceOrientations_iPad = "UIInterfaceOrientationPortrait UIInterfaceOrientationPortraitUpsideDown UIInterfaceOrientationLandscapeLeft UIInterfaceOrientationLandscapeRight";
				INFOPLIST_KEY_UISupportedInterfaceOrientations_iPhone = "UIInterfaceOrientationPortrait UIInterfaceOrientationLandscapeLeft UIInterfaceOrientationLandscapeRight";
				LD_RUNPATH_SEARCH_PATHS = (
					"$(inherited)",
					"@executable_path/Frameworks",
				);
				MARKETING_VERSION = 1.0;
				PRODUCT_BUNDLE_IDENTIFIER = com.org.Tropka;
				PRODUCT_NAME = "$(TARGET_NAME)";
				SWIFT_EMIT_LOC_STRINGS = YES;
				SWIFT_VERSION = 5.0;
				TARGETED_DEVICE_FAMILY = "1,2";
			};
			name = Release;
		};
		A87F86C92DCB4DE900462F82 /* Debug */ = {
			isa = XCBuildConfiguration;
			buildSettings = {
				BUNDLE_LOADER = "$(TEST_HOST)";
				CODE_SIGN_STYLE = Automatic;
				CURRENT_PROJECT_VERSION = 1;
				GENERATE_INFOPLIST_FILE = YES;
				IPHONEOS_DEPLOYMENT_TARGET = 18.2;
				MARKETING_VERSION = 1.0;
				PRODUCT_BUNDLE_IDENTIFIER = com.org.TropkaTests;
				PRODUCT_NAME = "$(TARGET_NAME)";
				SWIFT_EMIT_LOC_STRINGS = NO;
				SWIFT_VERSION = 5.0;
				TARGETED_DEVICE_FAMILY = "1,2";
				TEST_HOST = "$(BUILT_PRODUCTS_DIR)/Tropka.app/$(BUNDLE_EXECUTABLE_FOLDER_PATH)/Tropka";
			};
			name = Debug;
		};
		A87F86CA2DCB4DE900462F82 /* Release */ = {
			isa = XCBuildConfiguration;
			buildSettings = {
				BUNDLE_LOADER = "$(TEST_HOST)";
				CODE_SIGN_STYLE = Automatic;
				CURRENT_PROJECT_VERSION = 1;
				GENERATE_INFOPLIST_FILE = YES;
				IPHONEOS_DEPLOYMENT_TARGET = 18.2;
				MARKETING_VERSION = 1.0;
				PRODUCT_BUNDLE_IDENTIFIER = com.org.TropkaTests;
				PRODUCT_NAME = "$(TARGET_NAME)";
				SWIFT_EMIT_LOC_STRINGS = NO;
				SWIFT_VERSION = 5.0;
				TARGETED_DEVICE_FAMILY = "1,2";
				TEST_HOST = "$(BUILT_PRODUCTS_DIR)/Tropka.app/$(BUNDLE_EXECUTABLE_FOLDER_PATH)/Tropka";
			};
			name = Release;
		};
		A87F86CC2DCB4DE900462F82 /* Debug */ = {
			isa = XCBuildConfiguration;
			buildSettings = {
				CODE_SIGN_STYLE = Automatic;
				CURRENT_PROJECT_VERSION = 1;
				GENERATE_INFOPLIST_FILE = YES;
				MARKETING_VERSION = 1.0;
				PRODUCT_BUNDLE_IDENTIFIER = com.org.TropkaUITests;
				PRODUCT_NAME = "$(TARGET_NAME)";
				SWIFT_EMIT_LOC_STRINGS = NO;
				SWIFT_VERSION = 5.0;
				TARGETED_DEVICE_FAMILY = "1,2";
				TEST_TARGET_NAME = Tropka;
			};
			name = Debug;
		};
		A87F86CD2DCB4DE900462F82 /* Release */ = {
			isa = XCBuildConfiguration;
			buildSettings = {
				CODE_SIGN_STYLE = Automatic;
				CURRENT_PROJECT_VERSION = 1;
				GENERATE_INFOPLIST_FILE = YES;
				MARKETING_VERSION = 1.0;
				PRODUCT_BUNDLE_IDENTIFIER = com.org.TropkaUITests;
				PRODUCT_NAME = "$(TARGET_NAME)";
				SWIFT_EMIT_LOC_STRINGS = NO;
				SWIFT_VERSION = 5.0;
				TARGETED_DEVICE_FAMILY = "1,2";
				TEST_TARGET_NAME = Tropka;
			};
			name = Release;
		};
/* End XCBuildConfiguration section */

/* Begin XCConfigurationList section */
		A87F869C2DCB4DE700462F82 /* Build configuration list for PBXProject "Tropka" */ = {
			isa = XCConfigurationList;
			buildConfigurations = (
				A87F86C32DCB4DE900462F82 /* Debug */,
				A87F86C42DCB4DE900462F82 /* Release */,
			);
			defaultConfigurationIsVisible = 0;
			defaultConfigurationName = Release;
		};
		A87F86C52DCB4DE900462F82 /* Build configuration list for PBXNativeTarget "Tropka" */ = {
			isa = XCConfigurationList;
			buildConfigurations = (
				A87F86C62DCB4DE900462F82 /* Debug */,
				A87F86C72DCB4DE900462F82 /* Release */,
			);
			defaultConfigurationIsVisible = 0;
			defaultConfigurationName = Release;
		};
		A87F86C82DCB4DE900462F82 /* Build configuration list for PBXNativeTarget "TropkaTests" */ = {
			isa = XCConfigurationList;
			buildConfigurations = (
				A87F86C92DCB4DE900462F82 /* Debug */,
				A87F86CA2DCB4DE900462F82 /* Release */,
			);
			defaultConfigurationIsVisible = 0;
			defaultConfigurationName = Release;
		};
		A87F86CB2DCB4DE900462F82 /* Build configuration list for PBXNativeTarget "TropkaUITests" */ = {
			isa = XCConfigurationList;
			buildConfigurations = (
				A87F86CC2DCB4DE900462F82 /* Debug */,
				A87F86CD2DCB4DE900462F82 /* Release */,
			);
			defaultConfigurationIsVisible = 0;
			defaultConfigurationName = Release;
		};
/* End XCConfigurationList section */

/* Begin XCRemoteSwiftPackageReference section */
		A8ACB9B52F0EE1B800170910 /* XCRemoteSwiftPackageReference "firebase-ios-sdk" */ = {
			isa = XCRemoteSwiftPackageReference;
			repositoryURL = "https://github.com/firebase/firebase-ios-sdk.git";
			requirement = {
				kind = upToNextMajorVersion;
				minimumVersion = 12.7.0;
			};
		};
		A8ACB9BC2F0EE20800170910 /* XCRemoteSwiftPackageReference "SDWebImageSwiftUI" */ = {
			isa = XCRemoteSwiftPackageReference;
			repositoryURL = "https://github.com/SDWebImage/SDWebImageSwiftUI";
			requirement = {
				kind = upToNextMajorVersion;
				minimumVersion = 3.1.4;
			};
		};
		A8ACBA2C2F0EED0900170910 /* XCRemoteSwiftPackageReference "mapbox-navigation-ios" */ = {
			isa = XCRemoteSwiftPackageReference;
			repositoryURL = "https://github.com/mapbox/mapbox-navigation-ios";
			requirement = {
				kind = upToNextMajorVersion;
				minimumVersion = 3.17.0;
			};
		};
/* End XCRemoteSwiftPackageReference section */

/* Begin XCSwiftPackageProductDependency section */
		A8ACB9B62F0EE1B800170910 /* FirebaseAuth */ = {
			isa = XCSwiftPackageProductDependency;
			package = A8ACB9B52F0EE1B800170910 /* XCRemoteSwiftPackageReference "firebase-ios-sdk" */;
			productName = FirebaseAuth;
		};
		A8ACB9B82F0EE1B800170910 /* FirebaseFirestore */ = {
			isa = XCSwiftPackageProductDependency;
			package = A8ACB9B52F0EE1B800170910 /* XCRemoteSwiftPackageReference "firebase-ios-sdk" */;
			productName = FirebaseFirestore;
		};
		A8ACB9BA2F0EE1B800170910 /* FirebaseStorage */ = {
			isa = XCSwiftPackageProductDependency;
			package = A8ACB9B52F0EE1B800170910 /* XCRemoteSwiftPackageReference "firebase-ios-sdk" */;
			productName = FirebaseStorage;
		};
		A8ACB9BD2F0EE20800170910 /* SDWebImageSwiftUI */ = {
			isa = XCSwiftPackageProductDependency;
			package = A8ACB9BC2F0EE20800170910 /* XCRemoteSwiftPackageReference "SDWebImageSwiftUI" */;
			productName = SDWebImageSwiftUI;
		};
		A8ACBA2D2F0EED0900170910 /* MapboxDirections */ = {
			isa = XCSwiftPackageProductDependency;
			package = A8ACBA2C2F0EED0900170910 /* XCRemoteSwiftPackageReference "mapbox-navigation-ios" */;
			productName = MapboxDirections;
		};
		A8ACBA2F2F0EED0900170910 /* MapboxNavigationCore */ = {
			isa = XCSwiftPackageProductDependency;
			package = A8ACBA2C2F0EED0900170910 /* XCRemoteSwiftPackageReference "mapbox-navigation-ios" */;
			productName = MapboxNavigationCore;
		};
		A8ACBA312F0EED0900170910 /* MapboxNavigationUIKit */ = {
			isa = XCSwiftPackageProductDependency;
			package = A8ACBA2C2F0EED0900170910 /* XCRemoteSwiftPackageReference "mapbox-navigation-ios" */;
			productName = MapboxNavigationUIKit;
		};
/* End XCSwiftPackageProductDependency section */
	};
	rootObject = A87F86992DCB4DE700462F82 /* Project object */;
}
